
Microsoft Visual Studio Solution File, Format Version 12.00
# Visual Studio Version 17
VisualStudioVersion = 17.9.34701.34
MinimumVisualStudioVersion = 10.0.40219.1
Project("{9A19103F-16F7-4668-BE54-9A1E7A4F7556}") = "TestScript_ConsoleApplication", "TestScript_ConsoleApplication\TestScript_ConsoleApplication.csproj", "{6E080792-11E8-4DE5-B79B-77E1686B4644}"
EndProject
Project("{9A19103F-16F7-4668-BE54-9A1E7A4F7556}") = "LogixEcho_ClassLibrary", "LogixEcho_ClassLibrary\LogixEcho_ClassLibrary.csproj", "{8610B1EC-1300-417B-A34B-91A6F002B9AB}"
EndProject
Global
	GlobalSection(SolutionConfigurationPlatforms) = preSolution
		Debug|Any CPU = Debug|Any CPU
		Release|Any CPU = Release|Any CPU
	EndGlobalSection
	GlobalSection(ProjectConfigurationPlatforms) = postSolution
		{6E080792-11E8-4DE5-B79B-77E1686B4644}.Debug|Any CPU.ActiveCfg = Release|Any CPU
		{6E080792-11E8-4DE5-B79B-77E1686B4644}.Debug|Any CPU.Build.0 = Release|Any CPU
		{6E080792-11E8-4DE5-B79B-77E1686B4644}.Release|Any CPU.ActiveCfg = Release|Any CPU
		{6E080792-11E8-4DE5-B79B-77E1686B4644}.Release|Any CPU.Build.0 = Release|Any CPU
		{8610B1EC-1300-417B-A34B-91A6F002B9AB}.Debug|Any CPU.ActiveCfg = Release|Any CPU
		{8610B1EC-1300-417B-A34B-91A6F002B9AB}.Debug|Any CPU.Build.0 = Release|Any CPU
		{8610B1EC-1300-417B-A34B-91A6F002B9AB}.Release|Any CPU.ActiveCfg = Release|Any CPU
		{8610B1EC-1300-417B-A34B-91A6F002B9AB}.Release|Any CPU.Build.0 = Release|Any CPU
	EndGlobalSection
	GlobalSection(SolutionProperties) = preSolution
		HideSolutionNode = FALSE
	EndGlobalSection
	GlobalSection(ExtensibilityGlobals) = postSolution
		SolutionGuid = {539019B0-3277-442B-BC80-C316BCC96FDA}
	EndGlobalSection
EndGlobal
