
Microsoft Visual Studio Solution File, Format Version 12.00
# Visual Studio Version 17
VisualStudioVersion = 17.9.34701.34
MinimumVisualStudioVersion = 10.0.40219.1
Project("{9A19103F-16F7-4668-BE54-9A1E7A4F7556}") = "TestScript_ConsoleApplication", "TestScript_ConsoleApplication.csproj", "{62BAAD10-C253-4399-9924-50D23985DDDC}"
EndProject
Project("{9A19103F-16F7-4668-BE54-9A1E7A4F7556}") = "LogixEcho_ClassLibrary", "..\LogixEcho_ClassLibrary\LogixEcho_ClassLibrary.csproj", "{BDBB33A0-2643-41C6-A6F6-16B24423D69E}"
EndProject
Global
	GlobalSection(SolutionConfigurationPlatforms) = preSolution
		Debug|Any CPU = Debug|Any CPU
		Release|Any CPU = Release|Any CPU
	EndGlobalSection
	GlobalSection(ProjectConfigurationPlatforms) = postSolution
		{62BAAD10-C253-4399-9924-50D23985DDDC}.Debug|Any CPU.ActiveCfg = Release|Any CPU
		{62BAAD10-C253-4399-9924-50D23985DDDC}.Debug|Any CPU.Build.0 = Release|Any CPU
		{62BAAD10-C253-4399-9924-50D23985DDDC}.Release|Any CPU.ActiveCfg = Release|Any CPU
		{62BAAD10-C253-4399-9924-50D23985DDDC}.Release|Any CPU.Build.0 = Release|Any CPU
		{BDBB33A0-2643-41C6-A6F6-16B24423D69E}.Debug|Any CPU.ActiveCfg = Release|Any CPU
		{BDBB33A0-2643-41C6-A6F6-16B24423D69E}.Debug|Any CPU.Build.0 = Release|Any CPU
		{BDBB33A0-2643-41C6-A6F6-16B24423D69E}.Release|Any CPU.ActiveCfg = Release|Any CPU
		{BDBB33A0-2643-41C6-A6F6-16B24423D69E}.Release|Any CPU.Build.0 = Release|Any CPU
	EndGlobalSection
	GlobalSection(SolutionProperties) = preSolution
		HideSolutionNode = FALSE
	EndGlobalSection
	GlobalSection(ExtensibilityGlobals) = postSolution
		SolutionGuid = {539019B0-3277-442B-BC80-C316BCC96FDA}
	EndGlobalSection
EndGlobal
